{
  "name": "rename-file",
  "version": "1.0.0",
  "lockfileVersion": 1,
  "requires": true,
  "dependencies": {
    "@types/node": {
      "version": "8.5.2",
      "resolved": "http://registry.npm.taobao.org/@types/node/download/@types/node-8.5.2.tgz",
      "integrity": "sha1-g7gQP6miwug9ePcBqap8lTlzmqU=",
      "dev": true
    },
    "fs": {
      "version": "0.0.1-security",
      "resolved": "http://registry.npm.taobao.org/fs/download/fs-0.0.1-security.tgz",
      "integrity": "sha1-invTcYa23d84E/I4WLV+yq9eQdQ=",
      "dev": true
    },
    "lodash.endswith": {
      "version": "4.2.1",
      "resolved": "http://registry.npm.taobao.org/lodash.endswith/download/lodash.endswith-4.2.1.tgz",
      "integrity": "sha1-/tWawXOO0+I27dcGTsRWRIs3vAk=",
      "dev": true
    },
    "lodash.isfunction": {
      "version": "3.0.8",
      "resolved": "http://registry.npm.taobao.org/lodash.isfunction/download/lodash.isfunction-3.0.8.tgz",
      "integrity": "sha1-TbcJ/IG8So/XEnpFilNGxc3OLGs=",
      "dev": true
    },
    "lodash.isstring": {
      "version": "4.0.1",
      "resolved": "http://registry.npm.taobao.org/lodash.isstring/download/lodash.isstring-4.0.1.tgz",
      "integrity": "sha1-1SfftUVuynzJu5XV2ur4i6VKVFE=",
      "dev": true
    },
    "lodash.startswith": {
      "version": "4.2.1",
      "resolved": "http://registry.npm.taobao.org/lodash.startswith/download/lodash.startswith-4.2.1.tgz",
      "integrity": "sha1-xZjErc4YiiflMUVzHNxsDnF3YAw=",
      "dev": true
    },
    "rd": {
      "version": "1.1.2",
      "resolved": "http://registry.npm.taobao.org/rd/download/rd-1.1.2.tgz",
      "integrity": "sha1-hil+ICVgjuVXbBtFHmmX5nnvax0=",
      "dev": true,
      "requires": {
        "@types/node": "8.5.2"
      }
    },
    "upath": {
      "version": "1.0.2",
      "resolved": "http://registry.npm.taobao.org/upath/download/upath-1.0.2.tgz",
      "integrity": "sha1-gKquU5Wrxf1AKTOuL1hpTwhgIEw=",
      "dev": true,
      "requires": {
        "lodash.endswith": "4.2.1",
        "lodash.isfunction": "3.0.8",
        "lodash.isstring": "4.0.1",
        "lodash.startswith": "4.2.1"
      }
    }
  }
}
